
Microsoft Visual Studio Solution File, Format Version 12.00
# Visual Studio Version 16
VisualStudioVersion = 16.0.28803.202
MinimumVisualStudioVersion = 10.0.40219.1
Project("{8BC9CEB8-8B4A-11D0-8D11-00A0C91BC942}") = "MCfocusing_main", "MCfocusing_main\MCfocusing_main.vcxproj", "{95AE73A5-4C57-4A04-B052-CF78487ACD7F}"
EndProject
Project("{8BC9CEB8-8B4A-11D0-8D11-00A0C91BC942}") = "MCfocusing", "MCfocusing\MCfocusing.vcxproj", "{64B61F91-86D6-49EB-BEDA-5AD1954BD36D}"
EndProject
Global
	GlobalSection(SolutionConfigurationPlatforms) = preSolution
		Debug|x64 = Debug|x64
		Debug|x86 = Debug|x86
		Release|x64 = Release|x64
		Release|x86 = Release|x86
	EndGlobalSection
	GlobalSection(ProjectConfigurationPlatforms) = postSolution
		{95AE73A5-4C57-4A04-B052-CF78487ACD7F}.Debug|x64.ActiveCfg = Debug|x64
		{95AE73A5-4C57-4A04-B052-CF78487ACD7F}.Debug|x64.Build.0 = Debug|x64
		{95AE73A5-4C57-4A04-B052-CF78487ACD7F}.Debug|x86.ActiveCfg = Debug|Win32
		{95AE73A5-4C57-4A04-B052-CF78487ACD7F}.Debug|x86.Build.0 = Debug|Win32
		{95AE73A5-4C57-4A04-B052-CF78487ACD7F}.Release|x64.ActiveCfg = Release|x64
		{95AE73A5-4C57-4A04-B052-CF78487ACD7F}.Release|x64.Build.0 = Release|x64
		{95AE73A5-4C57-4A04-B052-CF78487ACD7F}.Release|x86.ActiveCfg = Release|Win32
		{95AE73A5-4C57-4A04-B052-CF78487ACD7F}.Release|x86.Build.0 = Release|Win32
		{64B61F91-86D6-49EB-BEDA-5AD1954BD36D}.Debug|x64.ActiveCfg = Debug|x64
		{64B61F91-86D6-49EB-BEDA-5AD1954BD36D}.Debug|x64.Build.0 = Debug|x64
		{64B61F91-86D6-49EB-BEDA-5AD1954BD36D}.Debug|x86.ActiveCfg = Debug|x64
		{64B61F91-86D6-49EB-BEDA-5AD1954BD36D}.Release|x64.ActiveCfg = Release|x64
		{64B61F91-86D6-49EB-BEDA-5AD1954BD36D}.Release|x64.Build.0 = Release|x64
		{64B61F91-86D6-49EB-BEDA-5AD1954BD36D}.Release|x86.ActiveCfg = Release|x64
	EndGlobalSection
	GlobalSection(SolutionProperties) = preSolution
		HideSolutionNode = FALSE
	EndGlobalSection
	GlobalSection(ExtensibilityGlobals) = postSolution
		SolutionGuid = {DD99D24A-15FE-477A-8340-24884BD8A6B5}
	EndGlobalSection
EndGlobal
